
Microsoft Visual Studio Solution File, Format Version 12.00
# Visual Studio Version 17
VisualStudioVersion = 17.5.33627.172
MinimumVisualStudioVersion = 10.0.40219.1
Project("{9A19103F-16F7-4668-BE54-9A1E7A4F7556}") = "BaroquenMelody", "BaroquenMelody\BaroquenMelody.csproj", "{88E0E299-4C51-46B9-BC0F-9DD4A7D23C0E}"
EndProject
Project("{9A19103F-16F7-4668-BE54-9A1E7A4F7556}") = "BaroquenMelody.Library", "BaroquenMelody.Library\BaroquenMelody.Library.csproj", "{9456BBA4-0D54-4D69-8C4B-582926E743F0}"
EndProject
Project("{9A19103F-16F7-4668-BE54-9A1E7A4F7556}") = "BaroquenMelody.Library.Tests", "..\tests\BaroquenMelody.Library.Tests\BaroquenMelody.Library.Tests.csproj", "{FCEFE589-8A4A-417A-A2BD-72B6AF1E7A6A}"
EndProject
Project("{9A19103F-16F7-4668-BE54-9A1E7A4F7556}") = "BaroquenMelody.Benchmarks", "..\benchmarks\BaroquenMelody.Benchmarks\BaroquenMelody.Benchmarks.csproj", "{5829D5BD-6AE1-4BDF-AB7E-4F4ACF12D652}"
EndProject
Project("{9A19103F-16F7-4668-BE54-9A1E7A4F7556}") = "BaroquenMelody.App", "BaroquenMelody.App\BaroquenMelody.App.csproj", "{A88ECA10-69E6-433D-AB37-45D6E1C2FF10}"
EndProject
Project("{9A19103F-16F7-4668-BE54-9A1E7A4F7556}") = "BaroquenMelody.App.Components", "BaroquenMelody.App.Components\BaroquenMelody.App.Components.csproj", "{5F8DD91A-D6E6-459A-AFF4-2E5F28F48F64}"
EndProject
Project("{2150E333-8FDC-42A3-9474-1A3956D46DE8}") = "Solution Items", "Solution Items", "{992D27F8-752A-4438-9313-4DDD6F9F0A07}"
	ProjectSection(SolutionItems) = preProject
		..\.editorconfig = ..\.editorconfig
		..\.gitignore = ..\.gitignore
		..\.markdownlint.json = ..\.markdownlint.json
		..\CHANGELOG.md = ..\CHANGELOG.md
		..\CODE_OF_CONDUCT.md = ..\CODE_OF_CONDUCT.md
		..\CONTRIBUTING.md = ..\CONTRIBUTING.md
		..\LICENSE = ..\LICENSE
		..\MAINTAINERS.md = ..\MAINTAINERS.md
		..\README.md = ..\README.md
		..\renovate.json = ..\renovate.json
		..\SECURITY.md = ..\SECURITY.md
		..\stylecop.json = ..\stylecop.json
	EndProjectSection
EndProject
Project("{9A19103F-16F7-4668-BE54-9A1E7A4F7556}") = "BaroquenMelody.Infrastructure", "BaroquenMelody.Infrastructure\BaroquenMelody.Infrastructure.csproj", "{32C67FC5-D7BD-48CE-BAD8-5700FFE8D092}"
EndProject
Project("{9A19103F-16F7-4668-BE54-9A1E7A4F7556}") = "BaroquenMelody.Infrastructure.Tests", "..\tests\BaroquenMelody.Infrastructure.Tests\BaroquenMelody.Infrastructure.Tests.csproj", "{55971851-76DD-411D-B3F5-E44464CD3FDE}"
EndProject
Project("{2150E333-8FDC-42A3-9474-1A3956D46DE8}") = ".github", ".github", "{D13F9DB7-2CED-4117-90E5-67CD8D0B6182}"
EndProject
Project("{2150E333-8FDC-42A3-9474-1A3956D46DE8}") = "workflows", "workflows", "{94B697D8-83CD-485C-8D1F-B27AA2C36FD5}"
	ProjectSection(SolutionItems) = preProject
		..\.github\workflows\approve.yml = ..\.github\workflows\approve.yml
		..\.github\workflows\lint.yml = ..\.github\workflows\lint.yml
		..\.github\workflows\stale.yml = ..\.github\workflows\stale.yml
		..\.github\workflows\test.yml = ..\.github\workflows\test.yml
	EndProjectSection
EndProject
Global
	GlobalSection(SolutionConfigurationPlatforms) = preSolution
		Debug|Any CPU = Debug|Any CPU
		Release|Any CPU = Release|Any CPU
	EndGlobalSection
	GlobalSection(ProjectConfigurationPlatforms) = postSolution
		{88E0E299-4C51-46B9-BC0F-9DD4A7D23C0E}.Debug|Any CPU.ActiveCfg = Debug|Any CPU
		{88E0E299-4C51-46B9-BC0F-9DD4A7D23C0E}.Debug|Any CPU.Build.0 = Debug|Any CPU
		{88E0E299-4C51-46B9-BC0F-9DD4A7D23C0E}.Release|Any CPU.ActiveCfg = Release|Any CPU
		{88E0E299-4C51-46B9-BC0F-9DD4A7D23C0E}.Release|Any CPU.Build.0 = Release|Any CPU
		{9456BBA4-0D54-4D69-8C4B-582926E743F0}.Debug|Any CPU.ActiveCfg = Debug|Any CPU
		{9456BBA4-0D54-4D69-8C4B-582926E743F0}.Debug|Any CPU.Build.0 = Debug|Any CPU
		{9456BBA4-0D54-4D69-8C4B-582926E743F0}.Release|Any CPU.ActiveCfg = Release|Any CPU
		{9456BBA4-0D54-4D69-8C4B-582926E743F0}.Release|Any CPU.Build.0 = Release|Any CPU
		{FCEFE589-8A4A-417A-A2BD-72B6AF1E7A6A}.Debug|Any CPU.ActiveCfg = Debug|Any CPU
		{FCEFE589-8A4A-417A-A2BD-72B6AF1E7A6A}.Debug|Any CPU.Build.0 = Debug|Any CPU
		{FCEFE589-8A4A-417A-A2BD-72B6AF1E7A6A}.Release|Any CPU.ActiveCfg = Release|Any CPU
		{FCEFE589-8A4A-417A-A2BD-72B6AF1E7A6A}.Release|Any CPU.Build.0 = Release|Any CPU
		{5829D5BD-6AE1-4BDF-AB7E-4F4ACF12D652}.Debug|Any CPU.ActiveCfg = Debug|Any CPU
		{5829D5BD-6AE1-4BDF-AB7E-4F4ACF12D652}.Debug|Any CPU.Build.0 = Debug|Any CPU
		{5829D5BD-6AE1-4BDF-AB7E-4F4ACF12D652}.Release|Any CPU.ActiveCfg = Release|Any CPU
		{5829D5BD-6AE1-4BDF-AB7E-4F4ACF12D652}.Release|Any CPU.Build.0 = Release|Any CPU
		{A88ECA10-69E6-433D-AB37-45D6E1C2FF10}.Debug|Any CPU.ActiveCfg = Debug|Any CPU
		{A88ECA10-69E6-433D-AB37-45D6E1C2FF10}.Debug|Any CPU.Build.0 = Debug|Any CPU
		{A88ECA10-69E6-433D-AB37-45D6E1C2FF10}.Debug|Any CPU.Deploy.0 = Debug|Any CPU
		{A88ECA10-69E6-433D-AB37-45D6E1C2FF10}.Release|Any CPU.ActiveCfg = Release|Any CPU
		{A88ECA10-69E6-433D-AB37-45D6E1C2FF10}.Release|Any CPU.Build.0 = Release|Any CPU
		{A88ECA10-69E6-433D-AB37-45D6E1C2FF10}.Release|Any CPU.Deploy.0 = Release|Any CPU
		{5F8DD91A-D6E6-459A-AFF4-2E5F28F48F64}.Debug|Any CPU.ActiveCfg = Debug|Any CPU
		{5F8DD91A-D6E6-459A-AFF4-2E5F28F48F64}.Debug|Any CPU.Build.0 = Debug|Any CPU
		{5F8DD91A-D6E6-459A-AFF4-2E5F28F48F64}.Release|Any CPU.ActiveCfg = Release|Any CPU
		{5F8DD91A-D6E6-459A-AFF4-2E5F28F48F64}.Release|Any CPU.Build.0 = Release|Any CPU
		{32C67FC5-D7BD-48CE-BAD8-5700FFE8D092}.Debug|Any CPU.ActiveCfg = Debug|Any CPU
		{32C67FC5-D7BD-48CE-BAD8-5700FFE8D092}.Debug|Any CPU.Build.0 = Debug|Any CPU
		{32C67FC5-D7BD-48CE-BAD8-5700FFE8D092}.Release|Any CPU.ActiveCfg = Release|Any CPU
		{32C67FC5-D7BD-48CE-BAD8-5700FFE8D092}.Release|Any CPU.Build.0 = Release|Any CPU
		{55971851-76DD-411D-B3F5-E44464CD3FDE}.Debug|Any CPU.ActiveCfg = Debug|Any CPU
		{55971851-76DD-411D-B3F5-E44464CD3FDE}.Debug|Any CPU.Build.0 = Debug|Any CPU
		{55971851-76DD-411D-B3F5-E44464CD3FDE}.Release|Any CPU.ActiveCfg = Release|Any CPU
		{55971851-76DD-411D-B3F5-E44464CD3FDE}.Release|Any CPU.Build.0 = Release|Any CPU
	EndGlobalSection
	GlobalSection(SolutionProperties) = preSolution
		HideSolutionNode = FALSE
	EndGlobalSection
	GlobalSection(NestedProjects) = preSolution
		{D13F9DB7-2CED-4117-90E5-67CD8D0B6182} = {992D27F8-752A-4438-9313-4DDD6F9F0A07}
		{94B697D8-83CD-485C-8D1F-B27AA2C36FD5} = {D13F9DB7-2CED-4117-90E5-67CD8D0B6182}
	EndGlobalSection
	GlobalSection(ExtensibilityGlobals) = postSolution
		SolutionGuid = {61F85A4A-79A1-4AF8-93DA-015416E921AF}
	EndGlobalSection
EndGlobal
